{
  "nodes": {
    "nixpkgs": {
      "locked": {
        "lastModified": 1693103197,
        "narHash": "sha256-vJU5u52DOe3DhuXH0+ZezpE0cRFjnixrH5g9QGtO15E=",
        "owner": "NixOS",
        "repo": "nixpkgs",
        "rev": "fcfa6f73f8adccdcaa8ed1a908e834a3afa06505",
        "type": "github"
      },
      "original": {
        "owner": "NixOS",
        "repo": "nixpkgs",
        "type": "github"
      }
    },
    "root": {
      "inputs": {
        "nixpkgs": "nixpkgs"
      }
    }
  },
  "root": "root",
  "version": 7
}
