{
  "nodes": {
    "blueprint": {
      "inputs": {
        "nixpkgs": [
          "llm-agents",
          "nixpkgs"
        ],
        "systems": [
          "llm-agents",
          "systems"
        ]
      },
      "locked": {
        "lastModified": 1776249299,
        "narHash": "sha256-Dt9t1TGRmJFc0xVYhttNBD6QsAgHOHCArqGa0AyjrJY=",
        "owner": "numtide",
        "repo": "blueprint",
        "rev": "56131e8628f173d24a27f6d27c0215eff57e40dd",
        "type": "github"
      },
      "original": {
        "owner": "numtide",
        "repo": "blueprint",
        "type": "github"
      }
    },
    "bun2nix": {
      "inputs": {
        "flake-parts": [
          "llm-agents",
          "flake-parts"
        ],
        "nixpkgs": [
          "llm-agents",
          "nixpkgs"
        ],
        "systems": [
          "llm-agents",
          "systems"
        ],
        "treefmt-nix": [
          "llm-agents",
          "treefmt-nix"
        ]
      },
      "locked": {
        "lastModified": 1782772816,
        "narHash": "sha256-s9BuFv0mRuZx9C1MF8qPHRdcAK14ONi0A5m6E2wqOoM=",
        "owner": "nix-community",
        "repo": "bun2nix",
        "rev": "5a39d717029e94163ac223aee8d5c9946cafed1c",
        "type": "github"
      },
      "original": {
        "owner": "nix-community",
        "repo": "bun2nix",
        "type": "github"
      }
    },
    "codebase-memory-mcp": {
      "inputs": {
        "nixpkgs": [
          "nixpkgs"
        ]
      },
      "locked": {
        "lastModified": 1782988381,
        "narHash": "sha256-OdZyamzQ3IXimDO92530cvDb5nhyoJ22bdwWDcukDRE=",
        "owner": "DeusData",
        "repo": "codebase-memory-mcp",
        "rev": "b9b79053093d6cc93d52d13fce9ad1e936b5d80b",
        "type": "github"
      },
      "original": {
        "owner": "DeusData",
        "repo": "codebase-memory-mcp",
        "type": "github"
      }
    },
    "flake-parts": {
      "inputs": {
        "nixpkgs-lib": [
          "llm-agents",
          "nixpkgs"
        ]
      },
      "locked": {
        "lastModified": 1782949081,
        "narHash": "sha256-vp6Y/Grm98ESt6ceOkWiHWyZRDV3J1RID4w+6NWK9yA=",
        "owner": "hercules-ci",
        "repo": "flake-parts",
        "rev": "17c9d6cdfc60c64f4ee8d306f9bc0b4ccb51481e",
        "type": "github"
      },
      "original": {
        "owner": "hercules-ci",
        "repo": "flake-parts",
        "type": "github"
      }
    },
    "flake-parts_2": {
      "inputs": {
        "nixpkgs-lib": [
          "neovim",
          "nixpkgs"
        ]
      },
      "locked": {
        "lastModified": 1782949081,
        "narHash": "sha256-vp6Y/Grm98ESt6ceOkWiHWyZRDV3J1RID4w+6NWK9yA=",
        "owner": "hercules-ci",
        "repo": "flake-parts",
        "rev": "17c9d6cdfc60c64f4ee8d306f9bc0b4ccb51481e",
        "type": "github"
      },
      "original": {
        "owner": "hercules-ci",
        "repo": "flake-parts",
        "type": "github"
      }
    },
    "home-manager": {
      "inputs": {
        "nixpkgs": [
          "nixpkgs"
        ]
      },
      "locked": {
        "lastModified": 1782964450,
        "narHash": "sha256-2rwNd77TzZ4sDDvMam0IXFXN5IfC35mifoeKS0uAc/4=",
        "owner": "nix-community",
        "repo": "home-manager",
        "rev": "ebc87daabc8d3f595e9a8b67107eaaa8115ad582",
        "type": "github"
      },
      "original": {
        "owner": "nix-community",
        "repo": "home-manager",
        "type": "github"
      }
    },
    "llm-agents": {
      "inputs": {
        "blueprint": "blueprint",
        "bun2nix": "bun2nix",
        "flake-parts": "flake-parts",
        "nixpkgs": "nixpkgs",
        "systems": "systems",
        "treefmt-nix": "treefmt-nix"
      },
      "locked": {
        "lastModified": 1782998715,
        "narHash": "sha256-KReLqVynLpjDtqoXWn57wcQPSwSSMisZs0l4QcRINLU=",
        "owner": "numtide",
        "repo": "llm-agents.nix",
        "rev": "9e55a43abe4371735022344bd5912c3109a755b4",
        "type": "github"
      },
      "original": {
        "owner": "numtide",
        "repo": "llm-agents.nix",
        "type": "github"
      }
    },
    "neovim": {
      "inputs": {
        "flake-parts": "flake-parts_2",
        "neovim-src": "neovim-src",
        "nixpkgs": [
          "nixpkgs"
        ]
      },
      "locked": {
        "lastModified": 1782981632,
        "narHash": "sha256-cYPFJLMUWy7R50AvJvF/Uu7bzZ8gDk/dyli9K2EFsOw=",
        "owner": "nix-community",
        "repo": "neovim-nightly-overlay",
        "rev": "0635e26d54968079dba806198a01a1f73a068a91",
        "type": "github"
      },
      "original": {
        "owner": "nix-community",
        "repo": "neovim-nightly-overlay",
        "type": "github"
      }
    },
    "neovim-src": {
      "flake": false,
      "locked": {
        "lastModified": 1782949514,
        "narHash": "sha256-9yx9rvmezfvPqdKJoeTnfXI3R1bNL2WKPBt8SdfBZJw=",
        "owner": "neovim",
        "repo": "neovim",
        "rev": "6003545f3818ca62865b2f66904ed8b068f84a1b",
        "type": "github"
      },
      "original": {
        "owner": "neovim",
        "repo": "neovim",
        "type": "github"
      }
    },
    "nix-darwin": {
      "inputs": {
        "nixpkgs": [
          "nixpkgs"
        ]
      },
      "locked": {
        "lastModified": 1781761792,
        "narHash": "sha256-rCPytmKNjctLloB6UgK5CRrHSwV4b0ygxtJLPPp8R14=",
        "owner": "nix-darwin",
        "repo": "nix-darwin",
        "rev": "a1fa429e945becaf60468600daf649be4ba0350c",
        "type": "github"
      },
      "original": {
        "owner": "nix-darwin",
        "ref": "master",
        "repo": "nix-darwin",
        "type": "github"
      }
    },
    "nix-index-database": {
      "inputs": {
        "nixpkgs": [
          "nixpkgs"
        ]
      },
      "locked": {
        "lastModified": 1782636943,
        "narHash": "sha256-ripjZa7BBLwL1uS5VJF3s/VpZpWt5ZIQEvkJ/FJNpQw=",
        "owner": "nix-community",
        "repo": "nix-index-database",
        "rev": "058b1f9381fa79fcda49982370a750ff92dbba43",
        "type": "github"
      },
      "original": {
        "owner": "nix-community",
        "repo": "nix-index-database",
        "type": "github"
      }
    },
    "nixpkgs": {
      "locked": {
        "lastModified": 1782888527,
        "narHash": "sha256-ry+llIN/SGgvPrvHaGaXb/tOHfTWtkmspDu28pgsitc=",
        "owner": "NixOS",
        "repo": "nixpkgs",
        "rev": "f76e4c7b1840704deda511ab34f37b829f6b5636",
        "type": "github"
      },
      "original": {
        "owner": "NixOS",
        "ref": "nixpkgs-unstable",
        "repo": "nixpkgs",
        "type": "github"
      }
    },
    "nixpkgs_2": {
      "locked": {
        "lastModified": 1782918843,
        "narHash": "sha256-ETYnV9U7Sr+A45dohzZdfCZKOss4qrTkO+wgNZNvEc0=",
        "owner": "NixOS",
        "repo": "nixpkgs",
        "rev": "e8273b29fe1390ec8d4603f2477357555291432e",
        "type": "github"
      },
      "original": {
        "owner": "NixOS",
        "ref": "nixpkgs-unstable",
        "repo": "nixpkgs",
        "type": "github"
      }
    },
    "root": {
      "inputs": {
        "codebase-memory-mcp": "codebase-memory-mcp",
        "home-manager": "home-manager",
        "llm-agents": "llm-agents",
        "neovim": "neovim",
        "nix-darwin": "nix-darwin",
        "nix-index-database": "nix-index-database",
        "nixpkgs": "nixpkgs_2"
      }
    },
    "systems": {
      "locked": {
        "lastModified": 1681028828,
        "narHash": "sha256-Vy1rq5AaRuLzOxct8nz4T6wlgyUR7zLU309k9mBC768=",
        "owner": "nix-systems",
        "repo": "default",
        "rev": "da67096a3b9bf56a91d16901293e51ba5b49a27e",
        "type": "github"
      },
      "original": {
        "owner": "nix-systems",
        "repo": "default",
        "type": "github"
      }
    },
    "treefmt-nix": {
      "inputs": {
        "nixpkgs": [
          "llm-agents",
          "nixpkgs"
        ]
      },
      "locked": {
        "lastModified": 1780220602,
        "narHash": "sha256-eynAfOmbmxJnkp7YewvCEbShNnnYJ9gLLqkzsYtBPeM=",
        "owner": "numtide",
        "repo": "treefmt-nix",
        "rev": "db947814a175b7ca6ded66e21383d938df01c227",
        "type": "github"
      },
      "original": {
        "owner": "numtide",
        "repo": "treefmt-nix",
        "type": "github"
      }
    }
  },
  "root": "root",
  "version": 7
}
